// !$*UTF8*$!
{
	archiveVersion = 1;
	classes = {
	};
	objectVersion = 46;
	objects = {

/* Begin PBXBuildFile section */
		53041F611A0DD88E0099DC44 /* AppDelegate.swift in Sources */ = {isa = PBXBuildFile; fileRef = 53041F601A0DD88E0099DC44 /* AppDelegate.swift */; };
		53041F631A0DD88E0099DC44 /* ViewController.swift in Sources */ = {isa = PBXBuildFile; fileRef = 53041F621A0DD88E0099DC44 /* ViewController.swift */; };
		53041F661A0DD88E0099DC44 /* Main.storyboard in Resources */ = {isa = PBXBuildFile; fileRef = 53041F641A0DD88E0099DC44 /* Main.storyboard */; };
		53041F681A0DD88E0099DC44 /* Images.xcassets in Resources */ = {isa = PBXBuildFile; fileRef = 53041F671A0DD88E0099DC44 /* Images.xcassets */; };
		53041F6B1A0DD88E0099DC44 /* LaunchScreen.xib in Resources */ = {isa = PBXBuildFile; fileRef = 53041F691A0DD88E0099DC44 /* LaunchScreen.xib */; };
		53041F771A0DD88E0099DC44 /* Page_SingleTests.swift in Sources */ = {isa = PBXBuildFile; fileRef = 53041F761A0DD88E0099DC44 /* Page_SingleTests.swift */; };
		5310EA351A12DCF8008DB984 /* User.swift in Sources */ = {isa = PBXBuildFile; fileRef = 5310EA341A12DCF8008DB984 /* User.swift */; };
		53146DE71A14007A00C8DF09 /* Message.swift in Sources */ = {isa = PBXBuildFile; fileRef = 53146DE61A14007A00C8DF09 /* Message.swift */; };
		5323CA931A135567003823C2 /* InboxTableViewController.swift in Sources */ = {isa = PBXBuildFile; fileRef = 5323CA921A135567003823C2 /* InboxTableViewController.swift */; };
		5362C9C81A0F61F000D13318 /* LogIn.swift in Sources */ = {isa = PBXBuildFile; fileRef = 5362C9C71A0F61F000D13318 /* LogIn.swift */; };
/* End PBXBuildFile section */

/* Begin PBXContainerItemProxy section */
		53041F711A0DD88E0099DC44 /* PBXContainerItemProxy */ = {
			isa = PBXContainerItemProxy;
			containerPortal = 53041F531A0DD88E0099DC44 /* Project object */;
			proxyType = 1;
			remoteGlobalIDString = 53041F5A1A0DD88E0099DC44;
			remoteInfo = Page_Single;
		};
/* End PBXContainerItemProxy section */

/* Begin PBXFileReference section */
		53041F5B1A0DD88E0099DC44 /* Page_Single.app */ = {isa = PBXFileReference; explicitFileType = wrapper.application; includeInIndex = 0; path = Page_Single.app; sourceTree = BUILT_PRODUCTS_DIR; };
		53041F5F1A0DD88E0099DC44 /* Info.plist */ = {isa = PBXFileReference; lastKnownFileType = text.plist.xml; path = Info.plist; sourceTree = "<group>"; };
		53041F601A0DD88E0099DC44 /* AppDelegate.swift */ = {isa = PBXFileReference; lastKnownFileType = sourcecode.swift; path = AppDelegate.swift; sourceTree = "<group>"; };
		53041F621A0DD88E0099DC44 /* ViewController.swift */ = {isa = PBXFileReference; lastKnownFileType = sourcecode.swift; path = ViewController.swift; sourceTree = "<group>"; };
		53041F651A0DD88E0099DC44 /* Base */ = {isa = PBXFileReference; lastKnownFileType = file.storyboard; name = Base; path = Base.lproj/Main.storyboard; sourceTree = "<group>"; };
		53041F671A0DD88E0099DC44 /* Images.xcassets */ = {isa = PBXFileReference; lastKnownFileType = folder.assetcatalog; path = Images.xcassets; sourceTree = "<group>"; };
		53041F6A1A0DD88E0099DC44 /* Base */ = {isa = PBXFileReference; lastKnownFileType = file.xib; name = Base; path = Base.lproj/LaunchScreen.xib; sourceTree = "<group>"; };
		53041F701A0DD88E0099DC44 /* Page_SingleTests.xctest */ = {isa = PBXFileReference; explicitFileType = wrapper.cfbundle; includeInIndex = 0; path = Page_SingleTests.xctest; sourceTree = BUILT_PRODUCTS_DIR; };
		53041F751A0DD88E0099DC44 /* Info.plist */ = {isa = PBXFileReference; lastKnownFileType = text.plist.xml; path = Info.plist; sourceTree = "<group>"; };
		53041F761A0DD88E0099DC44 /* Page_SingleTests.swift */ = {isa = PBXFileReference; lastKnownFileType = sourcecode.swift; path = Page_SingleTests.swift; sourceTree = "<group>"; };
		5310EA341A12DCF8008DB984 /* User.swift */ = {isa = PBXFileReference; fileEncoding = 4; lastKnownFileType = sourcecode.swift; path = User.swift; sourceTree = "<group>"; };
		53146DE61A14007A00C8DF09 /* Message.swift */ = {isa = PBXFileReference; fileEncoding = 4; lastKnownFileType = sourcecode.swift; path = Message.swift; sourceTree = "<group>"; };
		5323CA921A135567003823C2 /* InboxTableViewController.swift */ = {isa = PBXFileReference; fileEncoding = 4; lastKnownFileType = sourcecode.swift; path = InboxTableViewController.swift; sourceTree = "<group>"; };
		5362C9C71A0F61F000D13318 /* LogIn.swift */ = {isa = PBXFileReference; fileEncoding = 4; lastKnownFileType = sourcecode.swift; path = LogIn.swift; sourceTree = "<group>"; };
/* End PBXFileReference section */

/* Begin PBXFrameworksBuildPhase section */
		53041F581A0DD88E0099DC44 /* Frameworks */ = {
			isa = PBXFrameworksBuildPhase;
			buildActionMask = 2147483647;
			files = (
			);
			runOnlyForDeploymentPostprocessing = 0;
		};
		53041F6D1A0DD88E0099DC44 /* Frameworks */ = {
			isa = PBXFrameworksBuildPhase;
			buildActionMask = 2147483647;
			files = (
			);
			runOnlyForDeploymentPostprocessing = 0;
		};
/* End PBXFrameworksBuildPhase section */

/* Begin PBXGroup section */
		53041F521A0DD88E0099DC44 = {
			isa = PBXGroup;
			children = (
				53041F5D1A0DD88E0099DC44 /* Page_Single */,
				53041F731A0DD88E0099DC44 /* Page_SingleTests */,
			);
			sourceTree = "<group>";
		};
		53041F5C1A0DD88E0099DC44 /* Products */ = {
			isa = PBXGroup;
			children = (
				53041F5B1A0DD88E0099DC44 /* Page_Single.app */,
				53041F701A0DD88E0099DC44 /* Page_SingleTests.xctest */,
			);
			name = Products;
			path = ..;
			sourceTree = "<group>";
		};
		53041F5D1A0DD88E0099DC44 /* Page_Single */ = {
			isa = PBXGroup;
			children = (
				53041F601A0DD88E0099DC44 /* AppDelegate.swift */,
				53041F621A0DD88E0099DC44 /* ViewController.swift */,
				5323CA921A135567003823C2 /* InboxTableViewController.swift */,
				53041F641A0DD88E0099DC44 /* Main.storyboard */,
				53041F671A0DD88E0099DC44 /* Images.xcassets */,
				53041F691A0DD88E0099DC44 /* LaunchScreen.xib */,
				53041F5E1A0DD88E0099DC44 /* Supporting Files */,
				5362C9C71A0F61F000D13318 /* LogIn.swift */,
				53146DE61A14007A00C8DF09 /* Message.swift */,
				5310EA341A12DCF8008DB984 /* User.swift */,
				53041F5C1A0DD88E0099DC44 /* Products */,
			);
			path = Page_Single;
			sourceTree = "<group>";
		};
		53041F5E1A0DD88E0099DC44 /* Supporting Files */ = {
			isa = PBXGroup;
			children = (
				53041F5F1A0DD88E0099DC44 /* Info.plist */,
			);
			name = "Supporting Files";
			sourceTree = "<group>";
		};
		53041F731A0DD88E0099DC44 /* Page_SingleTests */ = {
			isa = PBXGroup;
			children = (
				53041F761A0DD88E0099DC44 /* Page_SingleTests.swift */,
				53041F741A0DD88E0099DC44 /* Supporting Files */,
			);
			path = Page_SingleTests;
			sourceTree = "<group>";
		};
		53041F741A0DD88E0099DC44 /* Supporting Files */ = {
			isa = PBXGroup;
			children = (
				53041F751A0DD88E0099DC44 /* Info.plist */,
			);
			name = "Supporting Files";
			sourceTree = "<group>";
		};
/* End PBXGroup section */

/* Begin PBXNativeTarget section */
		53041F5A1A0DD88E0099DC44 /* Page_Single */ = {
			isa = PBXNativeTarget;
			buildConfigurationList = 53041F7A1A0DD88E0099DC44 /* Build configuration list for PBXNativeTarget "Page_Single" */;
			buildPhases = (
				53041F571A0DD88E0099DC44 /* Sources */,
				53041F581A0DD88E0099DC44 /* Frameworks */,
				53041F591A0DD88E0099DC44 /* Resources */,
			);
			buildRules = (
			);
			dependencies = (
			);
			name = Page_Single;
			productName = Page_Single;
			productReference = 53041F5B1A0DD88E0099DC44 /* Page_Single.app */;
			productType = "com.apple.product-type.application";
		};
		53041F6F1A0DD88E0099DC44 /* Page_SingleTests */ = {
			isa = PBXNativeTarget;
			buildConfigurationList = 53041F7D1A0DD88E0099DC44 /* Build configuration list for PBXNativeTarget "Page_SingleTests" */;
			buildPhases = (
				53041F6C1A0DD88E0099DC44 /* Sources */,
				53041F6D1A0DD88E0099DC44 /* Frameworks */,
				53041F6E1A0DD88E0099DC44 /* Resources */,
			);
			buildRules = (
			);
			dependencies = (
				53041F721A0DD88E0099DC44 /* PBXTargetDependency */,
			);
			name = Page_SingleTests;
			productName = Page_SingleTests;
			productReference = 53041F701A0DD88E0099DC44 /* Page_SingleTests.xctest */;
			productType = "com.apple.product-type.bundle.unit-test";
		};
/* End PBXNativeTarget section */

/* Begin PBXProject section */
		53041F531A0DD88E0099DC44 /* Project object */ = {
			isa = PBXProject;
			attributes = {
				LastUpgradeCheck = 0610;
				ORGANIZATIONNAME = "Team 3";
				TargetAttributes = {
					53041F5A1A0DD88E0099DC44 = {
						CreatedOnToolsVersion = 6.1;
						DevelopmentTeam = 4NZP92642L;
					};
					53041F6F1A0DD88E0099DC44 = {
						CreatedOnToolsVersion = 6.1;
						TestTargetID = 53041F5A1A0DD88E0099DC44;
					};
				};
			};
			buildConfigurationList = 53041F561A0DD88E0099DC44 /* Build configuration list for PBXProject "Page_Single" */;
			compatibilityVersion = "Xcode 3.2";
			developmentRegion = English;
			hasScannedForEncodings = 0;
			knownRegions = (
				en,
				Base,
			);
			mainGroup = 53041F521A0DD88E0099DC44;
			productRefGroup = 53041F5C1A0DD88E0099DC44 /* Products */;
			projectDirPath = "";
			projectRoot = "";
			targets = (
				53041F5A1A0DD88E0099DC44 /* Page_Single */,
				53041F6F1A0DD88E0099DC44 /* Page_SingleTests */,
			);
		};
/* End PBXProject section */

/* Begin PBXResourcesBuildPhase section */
		53041F591A0DD88E0099DC44 /* Resources */ = {
			isa = PBXResourcesBuildPhase;
			buildActionMask = 2147483647;
			files = (
				53041F661A0DD88E0099DC44 /* Main.storyboard in Resources */,
				53041F6B1A0DD88E0099DC44 /* LaunchScreen.xib in Resources */,
				53041F681A0DD88E0099DC44 /* Images.xcassets in Resources */,
			);
			runOnlyForDeploymentPostprocessing = 0;
		};
		53041F6E1A0DD88E0099DC44 /* Resources */ = {
			isa = PBXResourcesBuildPhase;
			buildActionMask = 2147483647;
			files = (
			);
			runOnlyForDeploymentPostprocessing = 0;
		};
/* End PBXResourcesBuildPhase section */

/* Begin PBXSourcesBuildPhase section */
		53041F571A0DD88E0099DC44 /* Sources */ = {
			isa = PBXSourcesBuildPhase;
			buildActionMask = 2147483647;
			files = (
				5310EA351A12DCF8008DB984 /* User.swift in Sources */,
				5323CA931A135567003823C2 /* InboxTableViewController.swift in Sources */,
				53041F631A0DD88E0099DC44 /* ViewController.swift in Sources */,
				53146DE71A14007A00C8DF09 /* Message.swift in Sources */,
				5362C9C81A0F61F000D13318 /* LogIn.swift in Sources */,
				53041F611A0DD88E0099DC44 /* AppDelegate.swift in Sources */,
			);
			runOnlyForDeploymentPostprocessing = 0;
		};
		53041F6C1A0DD88E0099DC44 /* Sources */ = {
			isa = PBXSourcesBuildPhase;
			buildActionMask = 2147483647;
			files = (
				53041F771A0DD88E0099DC44 /* Page_SingleTests.swift in Sources */,
			);
			runOnlyForDeploymentPostprocessing = 0;
		};
/* End PBXSourcesBuildPhase section */

/* Begin PBXTargetDependency section */
		53041F721A0DD88E0099DC44 /* PBXTargetDependency */ = {
			isa = PBXTargetDependency;
			target = 53041F5A1A0DD88E0099DC44 /* Page_Single */;
			targetProxy = 53041F711A0DD88E0099DC44 /* PBXContainerItemProxy */;
		};
/* End PBXTargetDependency section */

/* Begin PBXVariantGroup section */
		53041F641A0DD88E0099DC44 /* Main.storyboard */ = {
			isa = PBXVariantGroup;
			children = (
				53041F651A0DD88E0099DC44 /* Base */,
			);
			name = Main.storyboard;
			sourceTree = "<group>";
		};
		53041F691A0DD88E0099DC44 /* LaunchScreen.xib */ = {
			isa = PBXVariantGroup;
			children = (
				53041F6A1A0DD88E0099DC44 /* Base */,
			);
			name = LaunchScreen.xib;
			sourceTree = "<group>";
		};
/* End PBXVariantGroup section */

/* Begin XCBuildConfiguration section */
		53041F781A0DD88E0099DC44 /* Debug */ = {
			isa = XCBuildConfiguration;
			buildSettings = {
				ALWAYS_SEARCH_USER_PATHS = NO;
				CLANG_CXX_LANGUAGE_STANDARD = "gnu++0x";
				CLANG_CXX_LIBRARY = "libc++";
				CLANG_ENABLE_MODULES = YES;
				CLANG_ENABLE_OBJC_ARC = YES;
				CLANG_WARN_BOOL_CONVERSION = YES;
				CLANG_WARN_CONSTANT_CONVERSION = YES;
				CLANG_WARN_DIRECT_OBJC_ISA_USAGE = YES_ERROR;
				CLANG_WARN_EMPTY_BODY = YES;
				CLANG_WARN_ENUM_CONVERSION = YES;
				CLANG_WARN_INT_CONVERSION = YES;
				CLANG_WARN_OBJC_ROOT_CLASS = YES_ERROR;
				CLANG_WARN_UNREACHABLE_CODE = YES;
				CLANG_WARN__DUPLICATE_METHOD_MATCH = YES;
				"CODE_SIGN_IDENTITY[sdk=iphoneos*]" = "iPhone Developer";
				COPY_PHASE_STRIP = NO;
				ENABLE_STRICT_OBJC_MSGSEND = YES;
				GCC_C_LANGUAGE_STANDARD = gnu99;
				GCC_DYNAMIC_NO_PIC = NO;
				GCC_OPTIMIZATION_LEVEL = 0;
				GCC_PREPROCESSOR_DEFINITIONS = (
					"DEBUG=1",
					"$(inherited)",
				);
				GCC_SYMBOLS_PRIVATE_EXTERN = NO;
				GCC_WARN_64_TO_32_BIT_CONVERSION = YES;
				GCC_WARN_ABOUT_RETURN_TYPE = YES_ERROR;
				GCC_WARN_UNDECLARED_SELECTOR = YES;
				GCC_WARN_UNINITIALIZED_AUTOS = YES_AGGRESSIVE;
				GCC_WARN_UNUSED_FUNCTION = YES;
				GCC_WARN_UNUSED_VARIABLE = YES;
				IPHONEOS_DEPLOYMENT_TARGET = 8.1;
				MTL_ENABLE_DEBUG_INFO = YES;
				ONLY_ACTIVE_ARCH = YES;
				SDKROOT = iphoneos;
				SWIFT_OPTIMIZATION_LEVEL = "-Onone";
			};
			name = Debug;
		};
		53041F791A0DD88E0099DC44 /* Release */ = {
			isa = XCBuildConfiguration;
			buildSettings = {
				ALWAYS_SEARCH_USER_PATHS = NO;
				CLANG_CXX_LANGUAGE_STANDARD = "gnu++0x";
				CLANG_CXX_LIBRARY = "libc++";
				CLANG_ENABLE_MODULES = YES;
				CLANG_ENABLE_OBJC_ARC = YES;
				CLANG_WARN_BOOL_CONVERSION = YES;
				CLANG_WARN_CONSTANT_CONVERSION = YES;
				CLANG_WARN_DIRECT_OBJC_ISA_USAGE = YES_ERROR;
				CLANG_WARN_EMPTY_BODY = YES;
				CLANG_WARN_ENUM_CONVERSION = YES;
				CLANG_WARN_INT_CONVERSION = YES;
				CLANG_WARN_OBJC_ROOT_CLASS = YES_ERROR;
				CLANG_WARN_UNREACHABLE_CODE = YES;
				CLANG_WARN__DUPLICATE_METHOD_MATCH = YES;
				"CODE_SIGN_IDENTITY[sdk=iphoneos*]" = "iPhone Developer";
				COPY_PHASE_STRIP = YES;
				ENABLE_NS_ASSERTIONS = NO;
				ENABLE_STRICT_OBJC_MSGSEND = YES;
				GCC_C_LANGUAGE_STANDARD = gnu99;
				GCC_WARN_64_TO_32_BIT_CONVERSION = YES;
				GCC_WARN_ABOUT_RETURN_TYPE = YES_ERROR;
				GCC_WARN_UNDECLARED_SELECTOR = YES;
				GCC_WARN_UNINITIALIZED_AUTOS = YES_AGGRESSIVE;
				GCC_WARN_UNUSED_FUNCTION = YES;
				GCC_WARN_UNUSED_VARIABLE = YES;
				IPHONEOS_DEPLOYMENT_TARGET = 8.1;
				MTL_ENABLE_DEBUG_INFO = NO;
				SDKROOT = iphoneos;
				VALIDATE_PRODUCT = YES;
			};
			name = Release;
		};
		53041F7B1A0DD88E0099DC44 /* Debug */ = {
			isa = XCBuildConfiguration;
			buildSettings = {
				ASSETCATALOG_COMPILER_APPICON_NAME = AppIcon;
				ASSETCATALOG_COMPILER_LAUNCHIMAGE_NAME = LaunchImage;
				CODE_SIGN_IDENTITY = "iPhone Developer";
				"CODE_SIGN_IDENTITY[sdk=iphoneos*]" = "iPhone Developer";
				INFOPLIST_FILE = Page_Single/Info.plist;
				IPHONEOS_DEPLOYMENT_TARGET = 7.1;
				LD_RUNPATH_SEARCH_PATHS = "$(inherited) @executable_path/Frameworks";
				PRODUCT_NAME = "$(TARGET_NAME)";
				PROVISIONING_PROFILE = "";
			};
			name = Debug;
		};
		53041F7C1A0DD88E0099DC44 /* Release */ = {
			isa = XCBuildConfiguration;
			buildSettings = {
				ASSETCATALOG_COMPILER_APPICON_NAME = AppIcon;
				ASSETCATALOG_COMPILER_LAUNCHIMAGE_NAME = LaunchImage;
				CODE_SIGN_IDENTITY = "iPhone Developer";
				"CODE_SIGN_IDENTITY[sdk=iphoneos*]" = "iPhone Developer";
				INFOPLIST_FILE = Page_Single/Info.plist;
				IPHONEOS_DEPLOYMENT_TARGET = 7.1;
				LD_RUNPATH_SEARCH_PATHS = "$(inherited) @executable_path/Frameworks";
				PRODUCT_NAME = "$(TARGET_NAME)";
				PROVISIONING_PROFILE = "";
			};
			name = Release;
		};
		53041F7E1A0DD88E0099DC44 /* Debug */ = {
			isa = XCBuildConfiguration;
			buildSettings = {
				BUNDLE_LOADER = "$(TEST_HOST)";
				FRAMEWORK_SEARCH_PATHS = (
					"$(SDKROOT)/Developer/Library/Frameworks",
					"$(inherited)",
				);
				GCC_PREPROCESSOR_DEFINITIONS = (
					"DEBUG=1",
					"$(inherited)",
				);
				INFOPLIST_FILE = Page_SingleTests/Info.plist;
				LD_RUNPATH_SEARCH_PATHS = "$(inherited) @executable_path/Frameworks @loader_path/Frameworks";
				PRODUCT_NAME = "$(TARGET_NAME)";
				TEST_HOST = "$(BUILT_PRODUCTS_DIR)/Page_Single.app/Page_Single";
			};
			name = Debug;
		};
		53041F7F1A0DD88E0099DC44 /* Release */ = {
			isa = XCBuildConfiguration;
			buildSettings = {
				BUNDLE_LOADER = "$(TEST_HOST)";
				FRAMEWORK_SEARCH_PATHS = (
					"$(SDKROOT)/Developer/Library/Frameworks",
					"$(inherited)",
				);
				INFOPLIST_FILE = Page_SingleTests/Info.plist;
				LD_RUNPATH_SEARCH_PATHS = "$(inherited) @executable_path/Frameworks @loader_path/Frameworks";
				PRODUCT_NAME = "$(TARGET_NAME)";
				TEST_HOST = "$(BUILT_PRODUCTS_DIR)/Page_Single.app/Page_Single";
			};
			name = Release;
		};
/* End XCBuildConfiguration section */

/* Begin XCConfigurationList section */
		53041F561A0DD88E0099DC44 /* Build configuration list for PBXProject "Page_Single" */ = {
			isa = XCConfigurationList;
			buildConfigurations = (
				53041F781A0DD88E0099DC44 /* Debug */,
				53041F791A0DD88E0099DC44 /* Release */,
			);
			defaultConfigurationIsVisible = 0;
			defaultConfigurationName = Release;
		};
		53041F7A1A0DD88E0099DC44 /* Build configuration list for PBXNativeTarget "Page_Single" */ = {
			isa = XCConfigurationList;
			buildConfigurations = (
				53041F7B1A0DD88E0099DC44 /* Debug */,
				53041F7C1A0DD88E0099DC44 /* Release */,
			);
			defaultConfigurationIsVisible = 0;
			defaultConfigurationName = Release;
		};
		53041F7D1A0DD88E0099DC44 /* Build configuration list for PBXNativeTarget "Page_SingleTests" */ = {
			isa = XCConfigurationList;
			buildConfigurations = (
				53041F7E1A0DD88E0099DC44 /* Debug */,
				53041F7F1A0DD88E0099DC44 /* Release */,
			);
			defaultConfigurationIsVisible = 0;
			defaultConfigurationName = Release;
		};
/* End XCConfigurationList section */
	};
	rootObject = 53041F531A0DD88E0099DC44 /* Project object */;
}
